// !$*UTF8*$!
{
	archiveVersion = 1;
	classes = {
	};
	objectVersion = 56;
	objects = {

/* Begin PBXBuildFile section */
		B65346D52B5CD977004470E7 /* AppDelegate.swift in Sources */ = {isa = PBXBuildFile; fileRef = B65346D42B5CD977004470E7 /* AppDelegate.swift */; };
		B65346D72B5CD977004470E7 /* GameScene.sks in Resources */ = {isa = PBXBuildFile; fileRef = B65346D62B5CD977004470E7 /* GameScene.sks */; };
		B65346DB2B5CD977004470E7 /* GameScene.swift in Sources */ = {isa = PBXBuildFile; fileRef = B65346DA2B5CD977004470E7 /* GameScene.swift */; };
		B65346DD2B5CD977004470E7 /* GameViewController.swift in Sources */ = {isa = PBXBuildFile; fileRef = B65346DC2B5CD977004470E7 /* GameViewController.swift */; };
		B65346E02B5CD977004470E7 /* Main.storyboard in Resources */ = {isa = PBXBuildFile; fileRef = B65346DE2B5CD977004470E7 /* Main.storyboard */; };
		B65346E22B5CD978004470E7 /* Assets.xcassets in Resources */ = {isa = PBXBuildFile; fileRef = B65346E12B5CD978004470E7 /* Assets.xcassets */; };
		B65346E52B5CD978004470E7 /* LaunchScreen.storyboard in Resources */ = {isa = PBXBuildFile; fileRef = B65346E32B5CD978004470E7 /* LaunchScreen.storyboard */; };
		B65346EC2B5CDA35004470E7 /* SizeConsts.swift in Sources */ = {isa = PBXBuildFile; fileRef = B65346EB2B5CDA35004470E7 /* SizeConsts.swift */; };
		B65346EE2B5CDCEB004470E7 /* BuildingNode.swift in Sources */ = {isa = PBXBuildFile; fileRef = B65346ED2B5CDCEB004470E7 /* BuildingNode.swift */; };
		B6A3027A2B5EB6C00029A192 /* GameOverScene.swift in Sources */ = {isa = PBXBuildFile; fileRef = B6A302792B5EB6C00029A192 /* GameOverScene.swift */; };
		B6A3027C2B5EB7540029A192 /* GameOverScene.sks in Resources */ = {isa = PBXBuildFile; fileRef = B6A3027B2B5EB7540029A192 /* GameOverScene.sks */; };
		B6AFCCD22B5D4C9900D665D6 /* hitPlayer.sks in Resources */ = {isa = PBXBuildFile; fileRef = B6AFCCD02B5D4C9900D665D6 /* hitPlayer.sks */; };
		B6AFCCD32B5D4C9900D665D6 /* hitBuilding.sks in Resources */ = {isa = PBXBuildFile; fileRef = B6AFCCD12B5D4C9900D665D6 /* hitBuilding.sks */; };
/* End PBXBuildFile section */

/* Begin PBXFileReference section */
		B65346D12B5CD977004470E7 /* Project-29.app */ = {isa = PBXFileReference; explicitFileType = wrapper.application; includeInIndex = 0; path = "Project-29.app"; sourceTree = BUILT_PRODUCTS_DIR; };
		B65346D42B5CD977004470E7 /* AppDelegate.swift */ = {isa = PBXFileReference; lastKnownFileType = sourcecode.swift; path = AppDelegate.swift; sourceTree = "<group>"; };
		B65346D62B5CD977004470E7 /* GameScene.sks */ = {isa = PBXFileReference; lastKnownFileType = file.sks; path = GameScene.sks; sourceTree = "<group>"; };
		B65346DA2B5CD977004470E7 /* GameScene.swift */ = {isa = PBXFileReference; lastKnownFileType = sourcecode.swift; path = GameScene.swift; sourceTree = "<group>"; };
		B65346DC2B5CD977004470E7 /* GameViewController.swift */ = {isa = PBXFileReference; lastKnownFileType = sourcecode.swift; path = GameViewController.swift; sourceTree = "<group>"; };
		B65346DF2B5CD977004470E7 /* Base */ = {isa = PBXFileReference; lastKnownFileType = file.storyboard; name = Base; path = Base.lproj/Main.storyboard; sourceTree = "<group>"; };
		B65346E12B5CD978004470E7 /* Assets.xcassets */ = {isa = PBXFileReference; lastKnownFileType = folder.assetcatalog; path = Assets.xcassets; sourceTree = "<group>"; };
		B65346E42B5CD978004470E7 /* Base */ = {isa = PBXFileReference; lastKnownFileType = file.storyboard; name = Base; path = Base.lproj/LaunchScreen.storyboard; sourceTree = "<group>"; };
		B65346EB2B5CDA35004470E7 /* SizeConsts.swift */ = {isa = PBXFileReference; lastKnownFileType = sourcecode.swift; path = SizeConsts.swift; sourceTree = "<group>"; };
		B65346ED2B5CDCEB004470E7 /* BuildingNode.swift */ = {isa = PBXFileReference; lastKnownFileType = sourcecode.swift; path = BuildingNode.swift; sourceTree = "<group>"; };
		B6A302792B5EB6C00029A192 /* GameOverScene.swift */ = {isa = PBXFileReference; lastKnownFileType = sourcecode.swift; path = GameOverScene.swift; sourceTree = "<group>"; };
		B6A3027B2B5EB7540029A192 /* GameOverScene.sks */ = {isa = PBXFileReference; lastKnownFileType = file.sks; path = GameOverScene.sks; sourceTree = "<group>"; };
		B6AFCCD02B5D4C9900D665D6 /* hitPlayer.sks */ = {isa = PBXFileReference; lastKnownFileType = file.sks; path = hitPlayer.sks; sourceTree = "<group>"; };
		B6AFCCD12B5D4C9900D665D6 /* hitBuilding.sks */ = {isa = PBXFileReference; lastKnownFileType = file.sks; path = hitBuilding.sks; sourceTree = "<group>"; };
/* End PBXFileReference section */

/* Begin PBXFrameworksBuildPhase section */
		B65346CE2B5CD977004470E7 /* Frameworks */ = {
			isa = PBXFrameworksBuildPhase;
			buildActionMask = 2147483647;
			files = (
			);
			runOnlyForDeploymentPostprocessing = 0;
		};
/* End PBXFrameworksBuildPhase section */

/* Begin PBXGroup section */
		B65346C82B5CD977004470E7 = {
			isa = PBXGroup;
			children = (
				B65346D32B5CD977004470E7 /* Project-29 */,
				B65346D22B5CD977004470E7 /* Products */,
			);
			sourceTree = "<group>";
		};
		B65346D22B5CD977004470E7 /* Products */ = {
			isa = PBXGroup;
			children = (
				B65346D12B5CD977004470E7 /* Project-29.app */,
			);
			name = Products;
			sourceTree = "<group>";
		};
		B65346D32B5CD977004470E7 /* Project-29 */ = {
			isa = PBXGroup;
			children = (
				B65346D42B5CD977004470E7 /* AppDelegate.swift */,
				B65346D62B5CD977004470E7 /* GameScene.sks */,
				B65346DA2B5CD977004470E7 /* GameScene.swift */,
				B65346DC2B5CD977004470E7 /* GameViewController.swift */,
				B65346DE2B5CD977004470E7 /* Main.storyboard */,
				B65346E12B5CD978004470E7 /* Assets.xcassets */,
				B65346E32B5CD978004470E7 /* LaunchScreen.storyboard */,
				B65346EB2B5CDA35004470E7 /* SizeConsts.swift */,
				B65346ED2B5CDCEB004470E7 /* BuildingNode.swift */,
				B6AFCCD12B5D4C9900D665D6 /* hitBuilding.sks */,
				B6AFCCD02B5D4C9900D665D6 /* hitPlayer.sks */,
				B6A302792B5EB6C00029A192 /* GameOverScene.swift */,
				B6A3027B2B5EB7540029A192 /* GameOverScene.sks */,
			);
			path = "Project-29";
			sourceTree = "<group>";
		};
/* End PBXGroup section */

/* Begin PBXNativeTarget section */
		B65346D02B5CD977004470E7 /* Project-29 */ = {
			isa = PBXNativeTarget;
			buildConfigurationList = B65346E82B5CD978004470E7 /* Build configuration list for PBXNativeTarget "Project-29" */;
			buildPhases = (
				B65346CD2B5CD977004470E7 /* Sources */,
				B65346CE2B5CD977004470E7 /* Frameworks */,
				B65346CF2B5CD977004470E7 /* Resources */,
			);
			buildRules = (
			);
			dependencies = (
			);
			name = "Project-29";
			productName = "Project-29";
			productReference = B65346D12B5CD977004470E7 /* Project-29.app */;
			productType = "com.apple.product-type.application";
		};
/* End PBXNativeTarget section */

/* Begin PBXProject section */
		B65346C92B5CD977004470E7 /* Project object */ = {
			isa = PBXProject;
			attributes = {
				BuildIndependentTargetsInParallel = 1;
				LastSwiftUpdateCheck = 1500;
				LastUpgradeCheck = 1500;
				TargetAttributes = {
					B65346D02B5CD977004470E7 = {
						CreatedOnToolsVersion = 15.0.1;
					};
				};
			};
			buildConfigurationList = B65346CC2B5CD977004470E7 /* Build configuration list for PBXProject "Project-29" */;
			compatibilityVersion = "Xcode 14.0";
			developmentRegion = en;
			hasScannedForEncodings = 0;
			knownRegions = (
				en,
				Base,
			);
			mainGroup = B65346C82B5CD977004470E7;
			productRefGroup = B65346D22B5CD977004470E7 /* Products */;
			projectDirPath = "";
			projectRoot = "";
			targets = (
				B65346D02B5CD977004470E7 /* Project-29 */,
			);
		};
/* End PBXProject section */

/* Begin PBXResourcesBuildPhase section */
		B65346CF2B5CD977004470E7 /* Resources */ = {
			isa = PBXResourcesBuildPhase;
			buildActionMask = 2147483647;
			files = (
				B65346E02B5CD977004470E7 /* Main.storyboard in Resources */,
				B65346D72B5CD977004470E7 /* GameScene.sks in Resources */,
				B6A3027C2B5EB7540029A192 /* GameOverScene.sks in Resources */,
				B6AFCCD22B5D4C9900D665D6 /* hitPlayer.sks in Resources */,
				B65346E22B5CD978004470E7 /* Assets.xcassets in Resources */,
				B65346E52B5CD978004470E7 /* LaunchScreen.storyboard in Resources */,
				B6AFCCD32B5D4C9900D665D6 /* hitBuilding.sks in Resources */,
			);
			runOnlyForDeploymentPostprocessing = 0;
		};
/* End PBXResourcesBuildPhase section */

/* Begin PBXSourcesBuildPhase section */
		B65346CD2B5CD977004470E7 /* Sources */ = {
			isa = PBXSourcesBuildPhase;
			buildActionMask = 2147483647;
			files = (
				B65346EC2B5CDA35004470E7 /* SizeConsts.swift in Sources */,
				B65346EE2B5CDCEB004470E7 /* BuildingNode.swift in Sources */,
				B65346DB2B5CD977004470E7 /* GameScene.swift in Sources */,
				B65346DD2B5CD977004470E7 /* GameViewController.swift in Sources */,
				B6A3027A2B5EB6C00029A192 /* GameOverScene.swift in Sources */,
				B65346D52B5CD977004470E7 /* AppDelegate.swift in Sources */,
			);
			runOnlyForDeploymentPostprocessing = 0;
		};
/* End PBXSourcesBuildPhase section */

/* Begin PBXVariantGroup section */
		B65346DE2B5CD977004470E7 /* Main.storyboard */ = {
			isa = PBXVariantGroup;
			children = (
				B65346DF2B5CD977004470E7 /* Base */,
			);
			name = Main.storyboard;
			sourceTree = "<group>";
		};
		B65346E32B5CD978004470E7 /* LaunchScreen.storyboard */ = {
			isa = PBXVariantGroup;
			children = (
				B65346E42B5CD978004470E7 /* Base */,
			);
			name = LaunchScreen.storyboard;
			sourceTree = "<group>";
		};
/* End PBXVariantGroup section */

/* Begin XCBuildConfiguration section */
		B65346E62B5CD978004470E7 /* Debug */ = {
			isa = XCBuildConfiguration;
			buildSettings = {
				ALWAYS_SEARCH_USER_PATHS = NO;
				ASSETCATALOG_COMPILER_GENERATE_SWIFT_ASSET_SYMBOL_EXTENSIONS = YES;
				CLANG_ANALYZER_NONNULL = YES;
				CLANG_ANALYZER_NUMBER_OBJECT_CONVERSION = YES_AGGRESSIVE;
				CLANG_CXX_LANGUAGE_STANDARD = "gnu++20";
				CLANG_ENABLE_MODULES = YES;
				CLANG_ENABLE_OBJC_ARC = YES;
				CLANG_ENABLE_OBJC_WEAK = YES;
				CLANG_WARN_BLOCK_CAPTURE_AUTORELEASING = YES;
				CLANG_WARN_BOOL_CONVERSION = YES;
				CLANG_WARN_COMMA = YES;
				CLANG_WARN_CONSTANT_CONVERSION = YES;
				CLANG_WARN_DEPRECATED_OBJC_IMPLEMENTATIONS = YES;
				CLANG_WARN_DIRECT_OBJC_ISA_USAGE = YES_ERROR;
				CLANG_WARN_DOCUMENTATION_COMMENTS = YES;
				CLANG_WARN_EMPTY_BODY = YES;
				CLANG_WARN_ENUM_CONVERSION = YES;
				CLANG_WARN_INFINITE_RECURSION = YES;
				CLANG_WARN_INT_CONVERSION = YES;
				CLANG_WARN_NON_LITERAL_NULL_CONVERSION = YES;
				CLANG_WARN_OBJC_IMPLICIT_RETAIN_SELF = YES;
				CLANG_WARN_OBJC_LITERAL_CONVERSION = YES;
				CLANG_WARN_OBJC_ROOT_CLASS = YES_ERROR;
				CLANG_WARN_QUOTED_INCLUDE_IN_FRAMEWORK_HEADER = YES;
				CLANG_WARN_RANGE_LOOP_ANALYSIS = YES;
				CLANG_WARN_STRICT_PROTOTYPES = YES;
				CLANG_WARN_SUSPICIOUS_MOVE = YES;
				CLANG_WARN_UNGUARDED_AVAILABILITY = YES_AGGRESSIVE;
				CLANG_WARN_UNREACHABLE_CODE = YES;
				CLANG_WARN__DUPLICATE_METHOD_MATCH = YES;
				COPY_PHASE_STRIP = NO;
				DEBUG_INFORMATION_FORMAT = dwarf;
				ENABLE_STRICT_OBJC_MSGSEND = YES;
				ENABLE_TESTABILITY = YES;
				ENABLE_USER_SCRIPT_SANDBOXING = YES;
				GCC_C_LANGUAGE_STANDARD = gnu17;
				GCC_DYNAMIC_NO_PIC = NO;
				GCC_NO_COMMON_BLOCKS = YES;
				GCC_OPTIMIZATION_LEVEL = 0;
				GCC_PREPROCESSOR_DEFINITIONS = (
					"DEBUG=1",
					"$(inherited)",
				);
				GCC_WARN_64_TO_32_BIT_CONVERSION = YES;
				GCC_WARN_ABOUT_RETURN_TYPE = YES_ERROR;
				GCC_WARN_UNDECLARED_SELECTOR = YES;
				GCC_WARN_UNINITIALIZED_AUTOS = YES_AGGRESSIVE;
				GCC_WARN_UNUSED_FUNCTION = YES;
				GCC_WARN_UNUSED_VARIABLE = YES;
				IPHONEOS_DEPLOYMENT_TARGET = 17.0;
				LOCALIZATION_PREFERS_STRING_CATALOGS = YES;
				MTL_ENABLE_DEBUG_INFO = INCLUDE_SOURCE;
				MTL_FAST_MATH = YES;
				ONLY_ACTIVE_ARCH = YES;
				SDKROOT = iphoneos;
				SWIFT_ACTIVE_COMPILATION_CONDITIONS = "DEBUG $(inherited)";
				SWIFT_OPTIMIZATION_LEVEL = "-Onone";
			};
			name = Debug;
		};
		B65346E72B5CD978004470E7 /* Release */ = {
			isa = XCBuildConfiguration;
			buildSettings = {
				ALWAYS_SEARCH_USER_PATHS = NO;
				ASSETCATALOG_COMPILER_GENERATE_SWIFT_ASSET_SYMBOL_EXTENSIONS = YES;
				CLANG_ANALYZER_NONNULL = YES;
				CLANG_ANALYZER_NUMBER_OBJECT_CONVERSION = YES_AGGRESSIVE;
				CLANG_CXX_LANGUAGE_STANDARD = "gnu++20";
				CLANG_ENABLE_MODULES = YES;
				CLANG_ENABLE_OBJC_ARC = YES;
				CLANG_ENABLE_OBJC_WEAK = YES;
				CLANG_WARN_BLOCK_CAPTURE_AUTORELEASING = YES;
				CLANG_WARN_BOOL_CONVERSION = YES;
				CLANG_WARN_COMMA = YES;
				CLANG_WARN_CONSTANT_CONVERSION = YES;
				CLANG_WARN_DEPRECATED_OBJC_IMPLEMENTATIONS = YES;
				CLANG_WARN_DIRECT_OBJC_ISA_USAGE = YES_ERROR;
				CLANG_WARN_DOCUMENTATION_COMMENTS = YES;
				CLANG_WARN_EMPTY_BODY = YES;
				CLANG_WARN_ENUM_CONVERSION = YES;
				CLANG_WARN_INFINITE_RECURSION = YES;
				CLANG_WARN_INT_CONVERSION = YES;
				CLANG_WARN_NON_LITERAL_NULL_CONVERSION = YES;
				CLANG_WARN_OBJC_IMPLICIT_RETAIN_SELF = YES;
				CLANG_WARN_OBJC_LITERAL_CONVERSION = YES;
				CLANG_WARN_OBJC_ROOT_CLASS = YES_ERROR;
				CLANG_WARN_QUOTED_INCLUDE_IN_FRAMEWORK_HEADER = YES;
				CLANG_WARN_RANGE_LOOP_ANALYSIS = YES;
				CLANG_WARN_STRICT_PROTOTYPES = YES;
				CLANG_WARN_SUSPICIOUS_MOVE = YES;
				CLANG_WARN_UNGUARDED_AVAILABILITY = YES_AGGRESSIVE;
				CLANG_WARN_UNREACHABLE_CODE = YES;
				CLANG_WARN__DUPLICATE_METHOD_MATCH = YES;
				COPY_PHASE_STRIP = NO;
				DEBUG_INFORMATION_FORMAT = "dwarf-with-dsym";
				ENABLE_NS_ASSERTIONS = NO;
				ENABLE_STRICT_OBJC_MSGSEND = YES;
				ENABLE_USER_SCRIPT_SANDBOXING = YES;
				GCC_C_LANGUAGE_STANDARD = gnu17;
				GCC_NO_COMMON_BLOCKS = YES;
				GCC_WARN_64_TO_32_BIT_CONVERSION = YES;
				GCC_WARN_ABOUT_RETURN_TYPE = YES_ERROR;
				GCC_WARN_UNDECLARED_SELECTOR = YES;
				GCC_WARN_UNINITIALIZED_AUTOS = YES_AGGRESSIVE;
				GCC_WARN_UNUSED_FUNCTION = YES;
				GCC_WARN_UNUSED_VARIABLE = YES;
				IPHONEOS_DEPLOYMENT_TARGET = 17.0;
				LOCALIZATION_PREFERS_STRING_CATALOGS = YES;
				MTL_ENABLE_DEBUG_INFO = NO;
				MTL_FAST_MATH = YES;
				SDKROOT = iphoneos;
				SWIFT_COMPILATION_MODE = wholemodule;
				VALIDATE_PRODUCT = YES;
			};
			name = Release;
		};
		B65346E92B5CD978004470E7 /* Debug */ = {
			isa = XCBuildConfiguration;
			buildSettings = {
				ASSETCATALOG_COMPILER_APPICON_NAME = AppIcon;
				ASSETCATALOG_COMPILER_GLOBAL_ACCENT_COLOR_NAME = AccentColor;
				CODE_SIGN_STYLE = Automatic;
				CURRENT_PROJECT_VERSION = 1;
				DEVELOPMENT_TEAM = 344NMG44QX;
				GENERATE_INFOPLIST_FILE = YES;
				INFOPLIST_KEY_UIApplicationSupportsIndirectInputEvents = YES;
				INFOPLIST_KEY_UILaunchStoryboardName = LaunchScreen;
				INFOPLIST_KEY_UIMainStoryboardFile = Main;
				INFOPLIST_KEY_UIStatusBarHidden = YES;
				INFOPLIST_KEY_UIStatusBarStyle = "";
				INFOPLIST_KEY_UISupportedInterfaceOrientations = "UIInterfaceOrientationLandscapeLeft UIInterfaceOrientationLandscapeRight";
				IPHONEOS_DEPLOYMENT_TARGET = 15.0;
				LD_RUNPATH_SEARCH_PATHS = (
					"$(inherited)",
					"@executable_path/Frameworks",
				);
				MARKETING_VERSION = 1.0;
				PRODUCT_BUNDLE_IDENTIFIER = "com.phong.Project-29";
				PRODUCT_NAME = "$(TARGET_NAME)";
				SWIFT_EMIT_LOC_STRINGS = YES;
				SWIFT_VERSION = 5.0;
				TARGETED_DEVICE_FAMILY = "1,2";
			};
			name = Debug;
		};
		B65346EA2B5CD978004470E7 /* Release */ = {
			isa = XCBuildConfiguration;
			buildSettings = {
				ASSETCATALOG_COMPILER_APPICON_NAME = AppIcon;
				ASSETCATALOG_COMPILER_GLOBAL_ACCENT_COLOR_NAME = AccentColor;
				CODE_SIGN_STYLE = Automatic;
				CURRENT_PROJECT_VERSION = 1;
				DEVELOPMENT_TEAM = 344NMG44QX;
				GENERATE_INFOPLIST_FILE = YES;
				INFOPLIST_KEY_UIApplicationSupportsIndirectInputEvents = YES;
				INFOPLIST_KEY_UILaunchStoryboardName = LaunchScreen;
				INFOPLIST_KEY_UIMainStoryboardFile = Main;
				INFOPLIST_KEY_UIStatusBarHidden = YES;
				INFOPLIST_KEY_UIStatusBarStyle = "";
				INFOPLIST_KEY_UISupportedInterfaceOrientations = "UIInterfaceOrientationLandscapeLeft UIInterfaceOrientationLandscapeRight";
				IPHONEOS_DEPLOYMENT_TARGET = 15.0;
				LD_RUNPATH_SEARCH_PATHS = (
					"$(inherited)",
					"@executable_path/Frameworks",
				);
				MARKETING_VERSION = 1.0;
				PRODUCT_BUNDLE_IDENTIFIER = "com.phong.Project-29";
				PRODUCT_NAME = "$(TARGET_NAME)";
				SWIFT_EMIT_LOC_STRINGS = YES;
				SWIFT_VERSION = 5.0;
				TARGETED_DEVICE_FAMILY = "1,2";
			};
			name = Release;
		};
/* End XCBuildConfiguration section */

/* Begin XCConfigurationList section */
		B65346CC2B5CD977004470E7 /* Build configuration list for PBXProject "Project-29" */ = {
			isa = XCConfigurationList;
			buildConfigurations = (
				B65346E62B5CD978004470E7 /* Debug */,
				B65346E72B5CD978004470E7 /* Release */,
			);
			defaultConfigurationIsVisible = 0;
			defaultConfigurationName = Release;
		};
		B65346E82B5CD978004470E7 /* Build configuration list for PBXNativeTarget "Project-29" */ = {
			isa = XCConfigurationList;
			buildConfigurations = (
				B65346E92B5CD978004470E7 /* Debug */,
				B65346EA2B5CD978004470E7 /* Release */,
			);
			defaultConfigurationIsVisible = 0;
			defaultConfigurationName = Release;
		};
/* End XCConfigurationList section */
	};
	rootObject = B65346C92B5CD977004470E7 /* Project object */;
}
